
Microsoft Visual Studio Solution File, Format Version 12.00
# Visual Studio Version 17
VisualStudioVersion = 17.0.31903.59
MinimumVisualStudioVersion = 10.0.40219.1
Project("{2150E333-8FDC-42A3-9474-1A3956D46DE8}") = "src", "src", "{827E0CD3-B72D-47B6-A68D-7590B98EB39B}"
EndProject
Project("{FAE04EC0-301F-11D3-BF4B-00C04F79EFBC}") = "Api", "src\Api\Api.csproj", "{6B8DA859-CA5A-4BB4-8D8F-DCD640408158}"
EndProject
Project("{FAE04EC0-301F-11D3-BF4B-00C04F79EFBC}") = "Application", "src\Application\Application.csproj", "{0E0FC258-91F8-460B-A399-63A4AFA0EB64}"
EndProject
Project("{FAE04EC0-301F-11D3-BF4B-00C04F79EFBC}") = "Domain", "src\Domain\Domain.csproj", "{AC0BEEB4-1CE6-4876-A88D-09EF03019DE0}"
EndProject
Project("{2150E333-8FDC-42A3-9474-1A3956D46DE8}") = "infrastructure", "infrastructure", "{DFEE68D8-A7D0-1A41-506C-9B74AA9A7B7B}"
EndProject
Project("{FAE04EC0-301F-11D3-BF4B-00C04F79EFBC}") = "Repositories", "infrastructure\Repositories\Repositories.csproj", "{2F8901C8-375C-4B38-B964-1586EAD6DF3F}"
EndProject
Project("{2150E333-8FDC-42A3-9474-1A3956D46DE8}") = "tests", "tests", "{0AB3BF05-4346-4AA6-1389-037BE0695223}"
EndProject
Project("{FAE04EC0-301F-11D3-BF4B-00C04F79EFBC}") = "Api.Tests", "tests\Api.Tests\Api.Tests.csproj", "{D5A85837-1BF2-4B64-BCD6-0819298131AA}"
EndProject
Global
	GlobalSection(SolutionConfigurationPlatforms) = preSolution
		Debug|Any CPU = Debug|Any CPU
		Debug|x64 = Debug|x64
		Debug|x86 = Debug|x86
		Release|Any CPU = Release|Any CPU
		Release|x64 = Release|x64
		Release|x86 = Release|x86
	EndGlobalSection
	GlobalSection(ProjectConfigurationPlatforms) = postSolution
		{6B8DA859-CA5A-4BB4-8D8F-DCD640408158}.Debug|Any CPU.ActiveCfg = Debug|Any CPU
		{6B8DA859-CA5A-4BB4-8D8F-DCD640408158}.Debug|Any CPU.Build.0 = Debug|Any CPU
		{6B8DA859-CA5A-4BB4-8D8F-DCD640408158}.Debug|x64.ActiveCfg = Debug|Any CPU
		{6B8DA859-CA5A-4BB4-8D8F-DCD640408158}.Debug|x64.Build.0 = Debug|Any CPU
		{6B8DA859-CA5A-4BB4-8D8F-DCD640408158}.Debug|x86.ActiveCfg = Debug|Any CPU
		{6B8DA859-CA5A-4BB4-8D8F-DCD640408158}.Debug|x86.Build.0 = Debug|Any CPU
		{6B8DA859-CA5A-4BB4-8D8F-DCD640408158}.Release|Any CPU.ActiveCfg = Release|Any CPU
		{6B8DA859-CA5A-4BB4-8D8F-DCD640408158}.Release|Any CPU.Build.0 = Release|Any CPU
		{6B8DA859-CA5A-4BB4-8D8F-DCD640408158}.Release|x64.ActiveCfg = Release|Any CPU
		{6B8DA859-CA5A-4BB4-8D8F-DCD640408158}.Release|x64.Build.0 = Release|Any CPU
		{6B8DA859-CA5A-4BB4-8D8F-DCD640408158}.Release|x86.ActiveCfg = Release|Any CPU
		{6B8DA859-CA5A-4BB4-8D8F-DCD640408158}.Release|x86.Build.0 = Release|Any CPU
		{0E0FC258-91F8-460B-A399-63A4AFA0EB64}.Debug|Any CPU.ActiveCfg = Debug|Any CPU
		{0E0FC258-91F8-460B-A399-63A4AFA0EB64}.Debug|Any CPU.Build.0 = Debug|Any CPU
		{0E0FC258-91F8-460B-A399-63A4AFA0EB64}.Debug|x64.ActiveCfg = Debug|Any CPU
		{0E0FC258-91F8-460B-A399-63A4AFA0EB64}.Debug|x64.Build.0 = Debug|Any CPU
		{0E0FC258-91F8-460B-A399-63A4AFA0EB64}.Debug|x86.ActiveCfg = Debug|Any CPU
		{0E0FC258-91F8-460B-A399-63A4AFA0EB64}.Debug|x86.Build.0 = Debug|Any CPU
		{0E0FC258-91F8-460B-A399-63A4AFA0EB64}.Release|Any CPU.ActiveCfg = Release|Any CPU
		{0E0FC258-91F8-460B-A399-63A4AFA0EB64}.Release|Any CPU.Build.0 = Release|Any CPU
		{0E0FC258-91F8-460B-A399-63A4AFA0EB64}.Release|x64.ActiveCfg = Release|Any CPU
		{0E0FC258-91F8-460B-A399-63A4AFA0EB64}.Release|x64.Build.0 = Release|Any CPU
		{0E0FC258-91F8-460B-A399-63A4AFA0EB64}.Release|x86.ActiveCfg = Release|Any CPU
		{0E0FC258-91F8-460B-A399-63A4AFA0EB64}.Release|x86.Build.0 = Release|Any CPU
		{AC0BEEB4-1CE6-4876-A88D-09EF03019DE0}.Debug|Any CPU.ActiveCfg = Debug|Any CPU
		{AC0BEEB4-1CE6-4876-A88D-09EF03019DE0}.Debug|Any CPU.Build.0 = Debug|Any CPU
		{AC0BEEB4-1CE6-4876-A88D-09EF03019DE0}.Debug|x64.ActiveCfg = Debug|Any CPU
		{AC0BEEB4-1CE6-4876-A88D-09EF03019DE0}.Debug|x64.Build.0 = Debug|Any CPU
		{AC0BEEB4-1CE6-4876-A88D-09EF03019DE0}.Debug|x86.ActiveCfg = Debug|Any CPU
		{AC0BEEB4-1CE6-4876-A88D-09EF03019DE0}.Debug|x86.Build.0 = Debug|Any CPU
		{AC0BEEB4-1CE6-4876-A88D-09EF03019DE0}.Release|Any CPU.ActiveCfg = Release|Any CPU
		{AC0BEEB4-1CE6-4876-A88D-09EF03019DE0}.Release|Any CPU.Build.0 = Release|Any CPU
		{AC0BEEB4-1CE6-4876-A88D-09EF03019DE0}.Release|x64.ActiveCfg = Release|Any CPU
		{AC0BEEB4-1CE6-4876-A88D-09EF03019DE0}.Release|x64.Build.0 = Release|Any CPU
		{AC0BEEB4-1CE6-4876-A88D-09EF03019DE0}.Release|x86.ActiveCfg = Release|Any CPU
		{AC0BEEB4-1CE6-4876-A88D-09EF03019DE0}.Release|x86.Build.0 = Release|Any CPU
		{2F8901C8-375C-4B38-B964-1586EAD6DF3F}.Debug|Any CPU.ActiveCfg = Debug|Any CPU
		{2F8901C8-375C-4B38-B964-1586EAD6DF3F}.Debug|Any CPU.Build.0 = Debug|Any CPU
		{2F8901C8-375C-4B38-B964-1586EAD6DF3F}.Debug|x64.ActiveCfg = Debug|Any CPU
		{2F8901C8-375C-4B38-B964-1586EAD6DF3F}.Debug|x64.Build.0 = Debug|Any CPU
		{2F8901C8-375C-4B38-B964-1586EAD6DF3F}.Debug|x86.ActiveCfg = Debug|Any CPU
		{2F8901C8-375C-4B38-B964-1586EAD6DF3F}.Debug|x86.Build.0 = Debug|Any CPU
		{2F8901C8-375C-4B38-B964-1586EAD6DF3F}.Release|Any CPU.ActiveCfg = Release|Any CPU
		{2F8901C8-375C-4B38-B964-1586EAD6DF3F}.Release|Any CPU.Build.0 = Release|Any CPU
		{2F8901C8-375C-4B38-B964-1586EAD6DF3F}.Release|x64.ActiveCfg = Release|Any CPU
		{2F8901C8-375C-4B38-B964-1586EAD6DF3F}.Release|x64.Build.0 = Release|Any CPU
		{2F8901C8-375C-4B38-B964-1586EAD6DF3F}.Release|x86.ActiveCfg = Release|Any CPU
		{2F8901C8-375C-4B38-B964-1586EAD6DF3F}.Release|x86.Build.0 = Release|Any CPU
		{D5A85837-1BF2-4B64-BCD6-0819298131AA}.Debug|Any CPU.ActiveCfg = Debug|Any CPU
		{D5A85837-1BF2-4B64-BCD6-0819298131AA}.Debug|Any CPU.Build.0 = Debug|Any CPU
		{D5A85837-1BF2-4B64-BCD6-0819298131AA}.Debug|x64.ActiveCfg = Debug|Any CPU
		{D5A85837-1BF2-4B64-BCD6-0819298131AA}.Debug|x64.Build.0 = Debug|Any CPU
		{D5A85837-1BF2-4B64-BCD6-0819298131AA}.Debug|x86.ActiveCfg = Debug|Any CPU
		{D5A85837-1BF2-4B64-BCD6-0819298131AA}.Debug|x86.Build.0 = Debug|Any CPU
		{D5A85837-1BF2-4B64-BCD6-0819298131AA}.Release|Any CPU.ActiveCfg = Release|Any CPU
		{D5A85837-1BF2-4B64-BCD6-0819298131AA}.Release|Any CPU.Build.0 = Release|Any CPU
		{D5A85837-1BF2-4B64-BCD6-0819298131AA}.Release|x64.ActiveCfg = Release|Any CPU
		{D5A85837-1BF2-4B64-BCD6-0819298131AA}.Release|x64.Build.0 = Release|Any CPU
		{D5A85837-1BF2-4B64-BCD6-0819298131AA}.Release|x86.ActiveCfg = Release|Any CPU
		{D5A85837-1BF2-4B64-BCD6-0819298131AA}.Release|x86.Build.0 = Release|Any CPU
	EndGlobalSection
	GlobalSection(SolutionProperties) = preSolution
		HideSolutionNode = FALSE
	EndGlobalSection
	GlobalSection(NestedProjects) = preSolution
		{6B8DA859-CA5A-4BB4-8D8F-DCD640408158} = {827E0CD3-B72D-47B6-A68D-7590B98EB39B}
		{0E0FC258-91F8-460B-A399-63A4AFA0EB64} = {827E0CD3-B72D-47B6-A68D-7590B98EB39B}
		{AC0BEEB4-1CE6-4876-A88D-09EF03019DE0} = {827E0CD3-B72D-47B6-A68D-7590B98EB39B}
		{2F8901C8-375C-4B38-B964-1586EAD6DF3F} = {DFEE68D8-A7D0-1A41-506C-9B74AA9A7B7B}
		{D5A85837-1BF2-4B64-BCD6-0819298131AA} = {0AB3BF05-4346-4AA6-1389-037BE0695223}
	EndGlobalSection
EndGlobal
